
Microsoft Visual Studio Solution File, Format Version 12.00
# Visual Studio Version 17
VisualStudioVersion = 17.0.31903.59
MinimumVisualStudioVersion = 10.0.40219.1
Project("{FAE04EC0-301F-11D3-BF4B-00C04F79EFBC}") = "FileMetadataStripping", "FileMetadataStripping\FileMetadataStripping.csproj", "{6C0A269C-66C1-49D0-92BD-FF28D508E525}"
EndProject
Project("{FAE04EC0-301F-11D3-BF4B-00C04F79EFBC}") = "FileMetadataStripping.Tests", "FileMetadataStripping.Tests\FileMetadataStripping.Tests.csproj", "{CE06757B-82CD-4710-8793-357750E3670E}"
EndProject
Global
	GlobalSection(SolutionConfigurationPlatforms) = preSolution
		Debug|Any CPU = Debug|Any CPU
		Debug|x64 = Debug|x64
		Debug|x86 = Debug|x86
		Release|Any CPU = Release|Any CPU
		Release|x64 = Release|x64
		Release|x86 = Release|x86
	EndGlobalSection
	GlobalSection(ProjectConfigurationPlatforms) = postSolution
		{6C0A269C-66C1-49D0-92BD-FF28D508E525}.Debug|Any CPU.ActiveCfg = Debug|Any CPU
		{6C0A269C-66C1-49D0-92BD-FF28D508E525}.Debug|Any CPU.Build.0 = Debug|Any CPU
		{6C0A269C-66C1-49D0-92BD-FF28D508E525}.Debug|x64.ActiveCfg = Debug|Any CPU
		{6C0A269C-66C1-49D0-92BD-FF28D508E525}.Debug|x64.Build.0 = Debug|Any CPU
		{6C0A269C-66C1-49D0-92BD-FF28D508E525}.Debug|x86.ActiveCfg = Debug|Any CPU
		{6C0A269C-66C1-49D0-92BD-FF28D508E525}.Debug|x86.Build.0 = Debug|Any CPU
		{6C0A269C-66C1-49D0-92BD-FF28D508E525}.Release|Any CPU.ActiveCfg = Release|Any CPU
		{6C0A269C-66C1-49D0-92BD-FF28D508E525}.Release|Any CPU.Build.0 = Release|Any CPU
		{6C0A269C-66C1-49D0-92BD-FF28D508E525}.Release|x64.ActiveCfg = Release|Any CPU
		{6C0A269C-66C1-49D0-92BD-FF28D508E525}.Release|x64.Build.0 = Release|Any CPU
		{6C0A269C-66C1-49D0-92BD-FF28D508E525}.Release|x86.ActiveCfg = Release|Any CPU
		{6C0A269C-66C1-49D0-92BD-FF28D508E525}.Release|x86.Build.0 = Release|Any CPU
		{CE06757B-82CD-4710-8793-357750E3670E}.Debug|Any CPU.ActiveCfg = Debug|Any CPU
		{CE06757B-82CD-4710-8793-357750E3670E}.Debug|Any CPU.Build.0 = Debug|Any CPU
		{CE06757B-82CD-4710-8793-357750E3670E}.Debug|x64.ActiveCfg = Debug|Any CPU
		{CE06757B-82CD-4710-8793-357750E3670E}.Debug|x64.Build.0 = Debug|Any CPU
		{CE06757B-82CD-4710-8793-357750E3670E}.Debug|x86.ActiveCfg = Debug|Any CPU
		{CE06757B-82CD-4710-8793-357750E3670E}.Debug|x86.Build.0 = Debug|Any CPU
		{CE06757B-82CD-4710-8793-357750E3670E}.Release|Any CPU.ActiveCfg = Release|Any CPU
		{CE06757B-82CD-4710-8793-357750E3670E}.Release|Any CPU.Build.0 = Release|Any CPU
		{CE06757B-82CD-4710-8793-357750E3670E}.Release|x64.ActiveCfg = Release|Any CPU
		{CE06757B-82CD-4710-8793-357750E3670E}.Release|x64.Build.0 = Release|Any CPU
		{CE06757B-82CD-4710-8793-357750E3670E}.Release|x86.ActiveCfg = Release|Any CPU
		{CE06757B-82CD-4710-8793-357750E3670E}.Release|x86.Build.0 = Release|Any CPU
	EndGlobalSection
	GlobalSection(SolutionProperties) = preSolution
		HideSolutionNode = FALSE
	EndGlobalSection
EndGlobal
